
Microsoft Visual Studio Solution File, Format Version 12.00
# Visual Studio Version 17
VisualStudioVersion = 17.4.33103.184
MinimumVisualStudioVersion = 10.0.40219.1
Project("{FAE04EC0-301F-11D3-BF4B-00C04F79EFBC}") = "AppScriptSQLSecurity", "AppScriptSQLSecurity\AppScriptSQLSecurity.csproj", "{E6CF4785-DE70-41F6-B9C6-3CF4BDBE81A1}"
EndProject
Global
	GlobalSection(SolutionConfigurationPlatforms) = preSolution
		Debug|Any CPU = Debug|Any CPU
		Release|Any CPU = Release|Any CPU
	EndGlobalSection
	GlobalSection(ProjectConfigurationPlatforms) = postSolution
		{E6CF4785-DE70-41F6-B9C6-3CF4BDBE81A1}.Debug|Any CPU.ActiveCfg = Debug|Any CPU
		{E6CF4785-DE70-41F6-B9C6-3CF4BDBE81A1}.Debug|Any CPU.Build.0 = Debug|Any CPU
		{E6CF4785-DE70-41F6-B9C6-3CF4BDBE81A1}.Release|Any CPU.ActiveCfg = Release|Any CPU
		{E6CF4785-DE70-41F6-B9C6-3CF4BDBE81A1}.Release|Any CPU.Build.0 = Release|Any CPU
	EndGlobalSection
	GlobalSection(SolutionProperties) = preSolution
		HideSolutionNode = FALSE
	EndGlobalSection
	GlobalSection(ExtensibilityGlobals) = postSolution
		SolutionGuid = {846558F4-B360-4680-B8E1-9784ED09FF75}
	EndGlobalSection
EndGlobal
